
Microsoft Visual Studio Solution File, Format Version 12.00
# Visual Studio Version 17
VisualStudioVersion = 17.7.34031.279
MinimumVisualStudioVersion = 10.0.40219.1
Project("{FAE04EC0-301F-11D3-BF4B-00C04F79EFBC}") = "Core", "Core\Core.csproj", "{BFFF6DBF-A412-4386-AD3D-217C7FDBAB6F}"
EndProject
Project("{FAE04EC0-301F-11D3-BF4B-00C04F79EFBC}") = "Data", "Data\Data.csproj", "{80B197C0-DD69-4215-B432-5F5B5F129376}"
EndProject
Project("{FAE04EC0-301F-11D3-BF4B-00C04F79EFBC}") = "Service", "Service\Service.csproj", "{7A5E8AEE-9E37-4812-80AB-38F925D14B7B}"
EndProject
Project("{FAE04EC0-301F-11D3-BF4B-00C04F79EFBC}") = "Website", "Website\Website.csproj", "{92EB011A-F8A8-49C6-907D-5560757C0FF1}"
EndProject
Project("{FAE04EC0-301F-11D3-BF4B-00C04F79EFBC}") = "WebApi", "WebApi\WebApi.csproj", "{523D7509-CC66-420F-9903-E219905F2768}"
EndProject
Global
	GlobalSection(SolutionConfigurationPlatforms) = preSolution
		Debug|Any CPU = Debug|Any CPU
		Release|Any CPU = Release|Any CPU
	EndGlobalSection
	GlobalSection(ProjectConfigurationPlatforms) = postSolution
		{BFFF6DBF-A412-4386-AD3D-217C7FDBAB6F}.Debug|Any CPU.ActiveCfg = Debug|Any CPU
		{BFFF6DBF-A412-4386-AD3D-217C7FDBAB6F}.Debug|Any CPU.Build.0 = Debug|Any CPU
		{BFFF6DBF-A412-4386-AD3D-217C7FDBAB6F}.Release|Any CPU.ActiveCfg = Release|Any CPU
		{BFFF6DBF-A412-4386-AD3D-217C7FDBAB6F}.Release|Any CPU.Build.0 = Release|Any CPU
		{80B197C0-DD69-4215-B432-5F5B5F129376}.Debug|Any CPU.ActiveCfg = Debug|Any CPU
		{80B197C0-DD69-4215-B432-5F5B5F129376}.Debug|Any CPU.Build.0 = Debug|Any CPU
		{80B197C0-DD69-4215-B432-5F5B5F129376}.Release|Any CPU.ActiveCfg = Release|Any CPU
		{80B197C0-DD69-4215-B432-5F5B5F129376}.Release|Any CPU.Build.0 = Release|Any CPU
		{7A5E8AEE-9E37-4812-80AB-38F925D14B7B}.Debug|Any CPU.ActiveCfg = Debug|Any CPU
		{7A5E8AEE-9E37-4812-80AB-38F925D14B7B}.Debug|Any CPU.Build.0 = Debug|Any CPU
		{7A5E8AEE-9E37-4812-80AB-38F925D14B7B}.Release|Any CPU.ActiveCfg = Release|Any CPU
		{7A5E8AEE-9E37-4812-80AB-38F925D14B7B}.Release|Any CPU.Build.0 = Release|Any CPU
		{92EB011A-F8A8-49C6-907D-5560757C0FF1}.Debug|Any CPU.ActiveCfg = Debug|Any CPU
		{92EB011A-F8A8-49C6-907D-5560757C0FF1}.Debug|Any CPU.Build.0 = Debug|Any CPU
		{92EB011A-F8A8-49C6-907D-5560757C0FF1}.Release|Any CPU.ActiveCfg = Release|Any CPU
		{92EB011A-F8A8-49C6-907D-5560757C0FF1}.Release|Any CPU.Build.0 = Release|Any CPU
		{523D7509-CC66-420F-9903-E219905F2768}.Debug|Any CPU.ActiveCfg = Debug|Any CPU
		{523D7509-CC66-420F-9903-E219905F2768}.Debug|Any CPU.Build.0 = Debug|Any CPU
		{523D7509-CC66-420F-9903-E219905F2768}.Release|Any CPU.ActiveCfg = Release|Any CPU
		{523D7509-CC66-420F-9903-E219905F2768}.Release|Any CPU.Build.0 = Release|Any CPU
	EndGlobalSection
	GlobalSection(SolutionProperties) = preSolution
		HideSolutionNode = FALSE
	EndGlobalSection
	GlobalSection(ExtensibilityGlobals) = postSolution
		SolutionGuid = {0AB462A8-5213-438C-A8D6-D44D73C586C4}
	EndGlobalSection
EndGlobal
